// !$*UTF8*$!
{
	archiveVersion = 1;
	classes = {
	};
	objectVersion = 51;
	objects = {

/* Begin PBXBuildFile section */
		1467F4B54AF84460CBC05C03 /* Pods_DCACalcuator.framework in Frameworks */ = {isa = PBXBuildFile; fileRef = 18104DA85B7C940FEB11F3E1 /* Pods_DCACalcuator.framework */; };
		1E708B2226AA964A007257EB /* AppDelegate.swift in Sources */ = {isa = PBXBuildFile; fileRef = 1E708B2126AA964A007257EB /* AppDelegate.swift */; };
		1E708B2426AA964A007257EB /* SceneDelegate.swift in Sources */ = {isa = PBXBuildFile; fileRef = 1E708B2326AA964A007257EB /* SceneDelegate.swift */; };
		1E708B2626AA964A007257EB /* SearchTableViewController.swift in Sources */ = {isa = PBXBuildFile; fileRef = 1E708B2526AA964A007257EB /* SearchTableViewController.swift */; };
		1E708B2926AA964A007257EB /* Main.storyboard in Resources */ = {isa = PBXBuildFile; fileRef = 1E708B2726AA964A007257EB /* Main.storyboard */; };
		1E708B2B26AA964C007257EB /* Assets.xcassets in Resources */ = {isa = PBXBuildFile; fileRef = 1E708B2A26AA964C007257EB /* Assets.xcassets */; };
		1E708B2E26AA964C007257EB /* LaunchScreen.storyboard in Resources */ = {isa = PBXBuildFile; fileRef = 1E708B2C26AA964C007257EB /* LaunchScreen.storyboard */; };
		1E708B3826AAA08F007257EB /* SearchTableViewCell.swift in Sources */ = {isa = PBXBuildFile; fileRef = 1E708B3726AAA08F007257EB /* SearchTableViewCell.swift */; };
		1E708B3B26AAA4A8007257EB /* APIService.swift in Sources */ = {isa = PBXBuildFile; fileRef = 1E708B3A26AAA4A8007257EB /* APIService.swift */; };
		1E708B3E26AAA6AE007257EB /* SearchResults.swift in Sources */ = {isa = PBXBuildFile; fileRef = 1E708B3D26AAA6AE007257EB /* SearchResults.swift */; };
		1EE410D726AD9A85004DA22B /* SearchPlaceholderView.swift in Sources */ = {isa = PBXBuildFile; fileRef = 1EE410D626AD9A85004DA22B /* SearchPlaceholderView.swift */; };
		1EE410DA26AD9D32004DA22B /* UIAnimatable.swift in Sources */ = {isa = PBXBuildFile; fileRef = 1EE410D926AD9D32004DA22B /* UIAnimatable.swift */; };
/* End PBXBuildFile section */

/* Begin PBXFileReference section */
		18104DA85B7C940FEB11F3E1 /* Pods_DCACalcuator.framework */ = {isa = PBXFileReference; explicitFileType = wrapper.framework; includeInIndex = 0; path = Pods_DCACalcuator.framework; sourceTree = BUILT_PRODUCTS_DIR; };
		1E708B1E26AA964A007257EB /* DCACalcuator.app */ = {isa = PBXFileReference; explicitFileType = wrapper.application; includeInIndex = 0; path = DCACalcuator.app; sourceTree = BUILT_PRODUCTS_DIR; };
		1E708B2126AA964A007257EB /* AppDelegate.swift */ = {isa = PBXFileReference; lastKnownFileType = sourcecode.swift; path = AppDelegate.swift; sourceTree = "<group>"; };
		1E708B2326AA964A007257EB /* SceneDelegate.swift */ = {isa = PBXFileReference; lastKnownFileType = sourcecode.swift; path = SceneDelegate.swift; sourceTree = "<group>"; };
		1E708B2526AA964A007257EB /* SearchTableViewController.swift */ = {isa = PBXFileReference; lastKnownFileType = sourcecode.swift; path = SearchTableViewController.swift; sourceTree = "<group>"; };
		1E708B2826AA964A007257EB /* Base */ = {isa = PBXFileReference; lastKnownFileType = file.storyboard; name = Base; path = Base.lproj/Main.storyboard; sourceTree = "<group>"; };
		1E708B2A26AA964C007257EB /* Assets.xcassets */ = {isa = PBXFileReference; lastKnownFileType = folder.assetcatalog; path = Assets.xcassets; sourceTree = "<group>"; };
		1E708B2D26AA964C007257EB /* Base */ = {isa = PBXFileReference; lastKnownFileType = file.storyboard; name = Base; path = Base.lproj/LaunchScreen.storyboard; sourceTree = "<group>"; };
		1E708B2F26AA964C007257EB /* Info.plist */ = {isa = PBXFileReference; lastKnownFileType = text.plist.xml; path = Info.plist; sourceTree = "<group>"; };
		1E708B3726AAA08F007257EB /* SearchTableViewCell.swift */ = {isa = PBXFileReference; lastKnownFileType = sourcecode.swift; path = SearchTableViewCell.swift; sourceTree = "<group>"; };
		1E708B3A26AAA4A8007257EB /* APIService.swift */ = {isa = PBXFileReference; lastKnownFileType = sourcecode.swift; path = APIService.swift; sourceTree = "<group>"; };
		1E708B3D26AAA6AE007257EB /* SearchResults.swift */ = {isa = PBXFileReference; lastKnownFileType = sourcecode.swift; path = SearchResults.swift; sourceTree = "<group>"; };
		1EE410D626AD9A85004DA22B /* SearchPlaceholderView.swift */ = {isa = PBXFileReference; lastKnownFileType = sourcecode.swift; path = SearchPlaceholderView.swift; sourceTree = "<group>"; };
		1EE410D926AD9D32004DA22B /* UIAnimatable.swift */ = {isa = PBXFileReference; lastKnownFileType = sourcecode.swift; path = UIAnimatable.swift; sourceTree = "<group>"; };
		40699A6E89814EBB01769B8C /* Pods-DCACalcuator.release.xcconfig */ = {isa = PBXFileReference; includeInIndex = 1; lastKnownFileType = text.xcconfig; name = "Pods-DCACalcuator.release.xcconfig"; path = "Target Support Files/Pods-DCACalcuator/Pods-DCACalcuator.release.xcconfig"; sourceTree = "<group>"; };
		A1B825858562033BF7672A27 /* Pods-DCACalcuator.debug.xcconfig */ = {isa = PBXFileReference; includeInIndex = 1; lastKnownFileType = text.xcconfig; name = "Pods-DCACalcuator.debug.xcconfig"; path = "Target Support Files/Pods-DCACalcuator/Pods-DCACalcuator.debug.xcconfig"; sourceTree = "<group>"; };
/* End PBXFileReference section */

/* Begin PBXFrameworksBuildPhase section */
		1E708B1B26AA964A007257EB /* Frameworks */ = {
			isa = PBXFrameworksBuildPhase;
			buildActionMask = 2147483647;
			files = (
				1467F4B54AF84460CBC05C03 /* Pods_DCACalcuator.framework in Frameworks */,
			);
			runOnlyForDeploymentPostprocessing = 0;
		};
/* End PBXFrameworksBuildPhase section */

/* Begin PBXGroup section */
		1E708B1526AA964A007257EB = {
			isa = PBXGroup;
			children = (
				1E708B2026AA964A007257EB /* DCACalcuator */,
				1E708B1F26AA964A007257EB /* Products */,
				3C357181ECE77099C9CC39A6 /* Pods */,
				83440D89083CE87253F9C23F /* Frameworks */,
			);
			sourceTree = "<group>";
		};
		1E708B1F26AA964A007257EB /* Products */ = {
			isa = PBXGroup;
			children = (
				1E708B1E26AA964A007257EB /* DCACalcuator.app */,
			);
			name = Products;
			sourceTree = "<group>";
		};
		1E708B2026AA964A007257EB /* DCACalcuator */ = {
			isa = PBXGroup;
			children = (
				1EE410D826AD9D17004DA22B /* Protocol */,
				1E708B3C26AAA6A3007257EB /* Model */,
				1E708B3926AAA49C007257EB /* Service */,
				1E708B3626AAA074007257EB /* Controller */,
				1E708B3526AAA06D007257EB /* View */,
				1E708B2126AA964A007257EB /* AppDelegate.swift */,
				1E708B2326AA964A007257EB /* SceneDelegate.swift */,
				1E708B2726AA964A007257EB /* Main.storyboard */,
				1E708B2A26AA964C007257EB /* Assets.xcassets */,
				1E708B2C26AA964C007257EB /* LaunchScreen.storyboard */,
				1E708B2F26AA964C007257EB /* Info.plist */,
			);
			path = DCACalcuator;
			sourceTree = "<group>";
		};
		1E708B3526AAA06D007257EB /* View */ = {
			isa = PBXGroup;
			children = (
				1E708B3726AAA08F007257EB /* SearchTableViewCell.swift */,
				1EE410D626AD9A85004DA22B /* SearchPlaceholderView.swift */,
			);
			path = View;
			sourceTree = "<group>";
		};
		1E708B3626AAA074007257EB /* Controller */ = {
			isa = PBXGroup;
			children = (
				1E708B2526AA964A007257EB /* SearchTableViewController.swift */,
			);
			path = Controller;
			sourceTree = "<group>";
		};
		1E708B3926AAA49C007257EB /* Service */ = {
			isa = PBXGroup;
			children = (
				1E708B3A26AAA4A8007257EB /* APIService.swift */,
			);
			path = Service;
			sourceTree = "<group>";
		};
		1E708B3C26AAA6A3007257EB /* Model */ = {
			isa = PBXGroup;
			children = (
				1E708B3D26AAA6AE007257EB /* SearchResults.swift */,
			);
			path = Model;
			sourceTree = "<group>";
		};
		1EE410D826AD9D17004DA22B /* Protocol */ = {
			isa = PBXGroup;
			children = (
				1EE410D926AD9D32004DA22B /* UIAnimatable.swift */,
			);
			path = Protocol;
			sourceTree = "<group>";
		};
		3C357181ECE77099C9CC39A6 /* Pods */ = {
			isa = PBXGroup;
			children = (
				A1B825858562033BF7672A27 /* Pods-DCACalcuator.debug.xcconfig */,
				40699A6E89814EBB01769B8C /* Pods-DCACalcuator.release.xcconfig */,
			);
			path = Pods;
			sourceTree = "<group>";
		};
		83440D89083CE87253F9C23F /* Frameworks */ = {
			isa = PBXGroup;
			children = (
				18104DA85B7C940FEB11F3E1 /* Pods_DCACalcuator.framework */,
			);
			name = Frameworks;
			sourceTree = "<group>";
		};
/* End PBXGroup section */

/* Begin PBXNativeTarget section */
		1E708B1D26AA964A007257EB /* DCACalcuator */ = {
			isa = PBXNativeTarget;
			buildConfigurationList = 1E708B3226AA964C007257EB /* Build configuration list for PBXNativeTarget "DCACalcuator" */;
			buildPhases = (
				F3492A234FF558B24CEC7EF5 /* [CP] Check Pods Manifest.lock */,
				1E708B1A26AA964A007257EB /* Sources */,
				1E708B1B26AA964A007257EB /* Frameworks */,
				1E708B1C26AA964A007257EB /* Resources */,
				337508B91CAE93A1D39EA825 /* [CP] Embed Pods Frameworks */,
			);
			buildRules = (
			);
			dependencies = (
			);
			name = DCACalcuator;
			productName = DCACalcuator;
			productReference = 1E708B1E26AA964A007257EB /* DCACalcuator.app */;
			productType = "com.apple.product-type.application";
		};
/* End PBXNativeTarget section */

/* Begin PBXProject section */
		1E708B1626AA964A007257EB /* Project object */ = {
			isa = PBXProject;
			attributes = {
				LastSwiftUpdateCheck = 1250;
				LastUpgradeCheck = 1250;
				TargetAttributes = {
					1E708B1D26AA964A007257EB = {
						CreatedOnToolsVersion = 12.5.1;
					};
				};
			};
			buildConfigurationList = 1E708B1926AA964A007257EB /* Build configuration list for PBXProject "DCACalcuator" */;
			compatibilityVersion = "Xcode 9.3";
			developmentRegion = en;
			hasScannedForEncodings = 0;
			knownRegions = (
				en,
				Base,
			);
			mainGroup = 1E708B1526AA964A007257EB;
			productRefGroup = 1E708B1F26AA964A007257EB /* Products */;
			projectDirPath = "";
			projectRoot = "";
			targets = (
				1E708B1D26AA964A007257EB /* DCACalcuator */,
			);
		};
/* End PBXProject section */

/* Begin PBXResourcesBuildPhase section */
		1E708B1C26AA964A007257EB /* Resources */ = {
			isa = PBXResourcesBuildPhase;
			buildActionMask = 2147483647;
			files = (
				1E708B2E26AA964C007257EB /* LaunchScreen.storyboard in Resources */,
				1E708B2B26AA964C007257EB /* Assets.xcassets in Resources */,
				1E708B2926AA964A007257EB /* Main.storyboard in Resources */,
			);
			runOnlyForDeploymentPostprocessing = 0;
		};
/* End PBXResourcesBuildPhase section */

/* Begin PBXShellScriptBuildPhase section */
		337508B91CAE93A1D39EA825 /* [CP] Embed Pods Frameworks */ = {
			isa = PBXShellScriptBuildPhase;
			buildActionMask = 2147483647;
			files = (
			);
			inputFileListPaths = (
				"${PODS_ROOT}/Target Support Files/Pods-DCACalcuator/Pods-DCACalcuator-frameworks-${CONFIGURATION}-input-files.xcfilelist",
			);
			name = "[CP] Embed Pods Frameworks";
			outputFileListPaths = (
				"${PODS_ROOT}/Target Support Files/Pods-DCACalcuator/Pods-DCACalcuator-frameworks-${CONFIGURATION}-output-files.xcfilelist",
			);
			runOnlyForDeploymentPostprocessing = 0;
			shellPath = /bin/sh;
			shellScript = "\"${PODS_ROOT}/Target Support Files/Pods-DCACalcuator/Pods-DCACalcuator-frameworks.sh\"\n";
			showEnvVarsInLog = 0;
		};
		F3492A234FF558B24CEC7EF5 /* [CP] Check Pods Manifest.lock */ = {
			isa = PBXShellScriptBuildPhase;
			buildActionMask = 2147483647;
			files = (
			);
			inputFileListPaths = (
			);
			inputPaths = (
				"${PODS_PODFILE_DIR_PATH}/Podfile.lock",
				"${PODS_ROOT}/Manifest.lock",
			);
			name = "[CP] Check Pods Manifest.lock";
			outputFileListPaths = (
			);
			outputPaths = (
				"$(DERIVED_FILE_DIR)/Pods-DCACalcuator-checkManifestLockResult.txt",
			);
			runOnlyForDeploymentPostprocessing = 0;
			shellPath = /bin/sh;
			shellScript = "diff \"${PODS_PODFILE_DIR_PATH}/Podfile.lock\" \"${PODS_ROOT}/Manifest.lock\" > /dev/null\nif [ $? != 0 ] ; then\n    # print error to STDERR\n    echo \"error: The sandbox is not in sync with the Podfile.lock. Run 'pod install' or update your CocoaPods installation.\" >&2\n    exit 1\nfi\n# This output is used by Xcode 'outputs' to avoid re-running this script phase.\necho \"SUCCESS\" > \"${SCRIPT_OUTPUT_FILE_0}\"\n";
			showEnvVarsInLog = 0;
		};
/* End PBXShellScriptBuildPhase section */

/* Begin PBXSourcesBuildPhase section */
		1E708B1A26AA964A007257EB /* Sources */ = {
			isa = PBXSourcesBuildPhase;
			buildActionMask = 2147483647;
			files = (
				1E708B2626AA964A007257EB /* SearchTableViewController.swift in Sources */,
				1EE410DA26AD9D32004DA22B /* UIAnimatable.swift in Sources */,
				1E708B3B26AAA4A8007257EB /* APIService.swift in Sources */,
				1E708B3826AAA08F007257EB /* SearchTableViewCell.swift in Sources */,
				1E708B2226AA964A007257EB /* AppDelegate.swift in Sources */,
				1E708B3E26AAA6AE007257EB /* SearchResults.swift in Sources */,
				1E708B2426AA964A007257EB /* SceneDelegate.swift in Sources */,
				1EE410D726AD9A85004DA22B /* SearchPlaceholderView.swift in Sources */,
			);
			runOnlyForDeploymentPostprocessing = 0;
		};
/* End PBXSourcesBuildPhase section */

/* Begin PBXVariantGroup section */
		1E708B2726AA964A007257EB /* Main.storyboard */ = {
			isa = PBXVariantGroup;
			children = (
				1E708B2826AA964A007257EB /* Base */,
			);
			name = Main.storyboard;
			sourceTree = "<group>";
		};
		1E708B2C26AA964C007257EB /* LaunchScreen.storyboard */ = {
			isa = PBXVariantGroup;
			children = (
				1E708B2D26AA964C007257EB /* Base */,
			);
			name = LaunchScreen.storyboard;
			sourceTree = "<group>";
		};
/* End PBXVariantGroup section */

/* Begin XCBuildConfiguration section */
		1E708B3026AA964C007257EB /* Debug */ = {
			isa = XCBuildConfiguration;
			buildSettings = {
				ALWAYS_SEARCH_USER_PATHS = NO;
				CLANG_ANALYZER_NONNULL = YES;
				CLANG_ANALYZER_NUMBER_OBJECT_CONVERSION = YES_AGGRESSIVE;
				CLANG_CXX_LANGUAGE_STANDARD = "gnu++14";
				CLANG_CXX_LIBRARY = "libc++";
				CLANG_ENABLE_MODULES = YES;
				CLANG_ENABLE_OBJC_ARC = YES;
				CLANG_ENABLE_OBJC_WEAK = YES;
				CLANG_WARN_BLOCK_CAPTURE_AUTORELEASING = YES;
				CLANG_WARN_BOOL_CONVERSION = YES;
				CLANG_WARN_COMMA = YES;
				CLANG_WARN_CONSTANT_CONVERSION = YES;
				CLANG_WARN_DEPRECATED_OBJC_IMPLEMENTATIONS = YES;
				CLANG_WARN_DIRECT_OBJC_ISA_USAGE = YES_ERROR;
				CLANG_WARN_DOCUMENTATION_COMMENTS = YES;
				CLANG_WARN_EMPTY_BODY = YES;
				CLANG_WARN_ENUM_CONVERSION = YES;
				CLANG_WARN_INFINITE_RECURSION = YES;
				CLANG_WARN_INT_CONVERSION = YES;
				CLANG_WARN_NON_LITERAL_NULL_CONVERSION = YES;
				CLANG_WARN_OBJC_IMPLICIT_RETAIN_SELF = YES;
				CLANG_WARN_OBJC_LITERAL_CONVERSION = YES;
				CLANG_WARN_OBJC_ROOT_CLASS = YES_ERROR;
				CLANG_WARN_QUOTED_INCLUDE_IN_FRAMEWORK_HEADER = YES;
				CLANG_WARN_RANGE_LOOP_ANALYSIS = YES;
				CLANG_WARN_STRICT_PROTOTYPES = YES;
				CLANG_WARN_SUSPICIOUS_MOVE = YES;
				CLANG_WARN_UNGUARDED_AVAILABILITY = YES_AGGRESSIVE;
				CLANG_WARN_UNREACHABLE_CODE = YES;
				CLANG_WARN__DUPLICATE_METHOD_MATCH = YES;
				COPY_PHASE_STRIP = NO;
				DEBUG_INFORMATION_FORMAT = dwarf;
				ENABLE_STRICT_OBJC_MSGSEND = YES;
				ENABLE_TESTABILITY = YES;
				GCC_C_LANGUAGE_STANDARD = gnu11;
				GCC_DYNAMIC_NO_PIC = NO;
				GCC_NO_COMMON_BLOCKS = YES;
				GCC_OPTIMIZATION_LEVEL = 0;
				GCC_PREPROCESSOR_DEFINITIONS = (
					"DEBUG=1",
					"$(inherited)",
				);
				GCC_WARN_64_TO_32_BIT_CONVERSION = YES;
				GCC_WARN_ABOUT_RETURN_TYPE = YES_ERROR;
				GCC_WARN_UNDECLARED_SELECTOR = YES;
				GCC_WARN_UNINITIALIZED_AUTOS = YES_AGGRESSIVE;
				GCC_WARN_UNUSED_FUNCTION = YES;
				GCC_WARN_UNUSED_VARIABLE = YES;
				IPHONEOS_DEPLOYMENT_TARGET = 14.5;
				MTL_ENABLE_DEBUG_INFO = INCLUDE_SOURCE;
				MTL_FAST_MATH = YES;
				ONLY_ACTIVE_ARCH = YES;
				SDKROOT = iphoneos;
				SWIFT_ACTIVE_COMPILATION_CONDITIONS = DEBUG;
				SWIFT_OPTIMIZATION_LEVEL = "-Onone";
			};
			name = Debug;
		};
		1E708B3126AA964C007257EB /* Release */ = {
			isa = XCBuildConfiguration;
			buildSettings = {
				ALWAYS_SEARCH_USER_PATHS = NO;
				CLANG_ANALYZER_NONNULL = YES;
				CLANG_ANALYZER_NUMBER_OBJECT_CONVERSION = YES_AGGRESSIVE;
				CLANG_CXX_LANGUAGE_STANDARD = "gnu++14";
				CLANG_CXX_LIBRARY = "libc++";
				CLANG_ENABLE_MODULES = YES;
				CLANG_ENABLE_OBJC_ARC = YES;
				CLANG_ENABLE_OBJC_WEAK = YES;
				CLANG_WARN_BLOCK_CAPTURE_AUTORELEASING = YES;
				CLANG_WARN_BOOL_CONVERSION = YES;
				CLANG_WARN_COMMA = YES;
				CLANG_WARN_CONSTANT_CONVERSION = YES;
				CLANG_WARN_DEPRECATED_OBJC_IMPLEMENTATIONS = YES;
				CLANG_WARN_DIRECT_OBJC_ISA_USAGE = YES_ERROR;
				CLANG_WARN_DOCUMENTATION_COMMENTS = YES;
				CLANG_WARN_EMPTY_BODY = YES;
				CLANG_WARN_ENUM_CONVERSION = YES;
				CLANG_WARN_INFINITE_RECURSION = YES;
				CLANG_WARN_INT_CONVERSION = YES;
				CLANG_WARN_NON_LITERAL_NULL_CONVERSION = YES;
				CLANG_WARN_OBJC_IMPLICIT_RETAIN_SELF = YES;
				CLANG_WARN_OBJC_LITERAL_CONVERSION = YES;
				CLANG_WARN_OBJC_ROOT_CLASS = YES_ERROR;
				CLANG_WARN_QUOTED_INCLUDE_IN_FRAMEWORK_HEADER = YES;
				CLANG_WARN_RANGE_LOOP_ANALYSIS = YES;
				CLANG_WARN_STRICT_PROTOTYPES = YES;
				CLANG_WARN_SUSPICIOUS_MOVE = YES;
				CLANG_WARN_UNGUARDED_AVAILABILITY = YES_AGGRESSIVE;
				CLANG_WARN_UNREACHABLE_CODE = YES;
				CLANG_WARN__DUPLICATE_METHOD_MATCH = YES;
				COPY_PHASE_STRIP = NO;
				DEBUG_INFORMATION_FORMAT = "dwarf-with-dsym";
				ENABLE_NS_ASSERTIONS = NO;
				ENABLE_STRICT_OBJC_MSGSEND = YES;
				GCC_C_LANGUAGE_STANDARD = gnu11;
				GCC_NO_COMMON_BLOCKS = YES;
				GCC_WARN_64_TO_32_BIT_CONVERSION = YES;
				GCC_WARN_ABOUT_RETURN_TYPE = YES_ERROR;
				GCC_WARN_UNDECLARED_SELECTOR = YES;
				GCC_WARN_UNINITIALIZED_AUTOS = YES_AGGRESSIVE;
				GCC_WARN_UNUSED_FUNCTION = YES;
				GCC_WARN_UNUSED_VARIABLE = YES;
				IPHONEOS_DEPLOYMENT_TARGET = 14.5;
				MTL_ENABLE_DEBUG_INFO = NO;
				MTL_FAST_MATH = YES;
				SDKROOT = iphoneos;
				SWIFT_COMPILATION_MODE = wholemodule;
				SWIFT_OPTIMIZATION_LEVEL = "-O";
				VALIDATE_PRODUCT = YES;
			};
			name = Release;
		};
		1E708B3326AA964C007257EB /* Debug */ = {
			isa = XCBuildConfiguration;
			baseConfigurationReference = A1B825858562033BF7672A27 /* Pods-DCACalcuator.debug.xcconfig */;
			buildSettings = {
				ASSETCATALOG_COMPILER_APPICON_NAME = AppIcon;
				ASSETCATALOG_COMPILER_GLOBAL_ACCENT_COLOR_NAME = AccentColor;
				CODE_SIGN_STYLE = Automatic;
				DEVELOPMENT_TEAM = 4FTFKXF8N5;
				INFOPLIST_FILE = DCACalcuator/Info.plist;
				LD_RUNPATH_SEARCH_PATHS = (
					"$(inherited)",
					"@executable_path/Frameworks",
				);
				PRODUCT_BUNDLE_IDENTIFIER = com.jeongminkim.DCACalcuator;
				PRODUCT_NAME = "$(TARGET_NAME)";
				SWIFT_VERSION = 5.0;
				TARGETED_DEVICE_FAMILY = "1,2";
			};
			name = Debug;
		};
		1E708B3426AA964C007257EB /* Release */ = {
			isa = XCBuildConfiguration;
			baseConfigurationReference = 40699A6E89814EBB01769B8C /* Pods-DCACalcuator.release.xcconfig */;
			buildSettings = {
				ASSETCATALOG_COMPILER_APPICON_NAME = AppIcon;
				ASSETCATALOG_COMPILER_GLOBAL_ACCENT_COLOR_NAME = AccentColor;
				CODE_SIGN_STYLE = Automatic;
				DEVELOPMENT_TEAM = 4FTFKXF8N5;
				INFOPLIST_FILE = DCACalcuator/Info.plist;
				LD_RUNPATH_SEARCH_PATHS = (
					"$(inherited)",
					"@executable_path/Frameworks",
				);
				PRODUCT_BUNDLE_IDENTIFIER = com.jeongminkim.DCACalcuator;
				PRODUCT_NAME = "$(TARGET_NAME)";
				SWIFT_VERSION = 5.0;
				TARGETED_DEVICE_FAMILY = "1,2";
			};
			name = Release;
		};
/* End XCBuildConfiguration section */

/* Begin XCConfigurationList section */
		1E708B1926AA964A007257EB /* Build configuration list for PBXProject "DCACalcuator" */ = {
			isa = XCConfigurationList;
			buildConfigurations = (
				1E708B3026AA964C007257EB /* Debug */,
				1E708B3126AA964C007257EB /* Release */,
			);
			defaultConfigurationIsVisible = 0;
			defaultConfigurationName = Release;
		};
		1E708B3226AA964C007257EB /* Build configuration list for PBXNativeTarget "DCACalcuator" */ = {
			isa = XCConfigurationList;
			buildConfigurations = (
				1E708B3326AA964C007257EB /* Debug */,
				1E708B3426AA964C007257EB /* Release */,
			);
			defaultConfigurationIsVisible = 0;
			defaultConfigurationName = Release;
		};
/* End XCConfigurationList section */
	};
	rootObject = 1E708B1626AA964A007257EB /* Project object */;
}
